// !$*UTF8*$!
{
	archiveVersion = 1;
	classes = {
	};
	objectVersion = 56;
	objects = {

/* Begin PBXBuildFile section */
		5064E1922916B40B002218DB /* AppDelegate.swift in Sources */ = {isa = PBXBuildFile; fileRef = 5064E1912916B40B002218DB /* AppDelegate.swift */; };
		5064E1942916B40B002218DB /* SceneDelegate.swift in Sources */ = {isa = PBXBuildFile; fileRef = 5064E1932916B40B002218DB /* SceneDelegate.swift */; };
		5064E1962916B40B002218DB /* SimpleTableViewController.swift in Sources */ = {isa = PBXBuildFile; fileRef = 5064E1952916B40B002218DB /* SimpleTableViewController.swift */; };
		5064E1992916B40B002218DB /* Main.storyboard in Resources */ = {isa = PBXBuildFile; fileRef = 5064E1972916B40B002218DB /* Main.storyboard */; };
		5064E19B2916B40C002218DB /* Assets.xcassets in Resources */ = {isa = PBXBuildFile; fileRef = 5064E19A2916B40C002218DB /* Assets.xcassets */; };
		5064E19E2916B40C002218DB /* LaunchScreen.storyboard in Resources */ = {isa = PBXBuildFile; fileRef = 5064E19C2916B40C002218DB /* LaunchScreen.storyboard */; };
		5064E1AC2916B7D1002218DB /* TableWithCustomCells.swift in Sources */ = {isa = PBXBuildFile; fileRef = 5064E1AB2916B7D1002218DB /* TableWithCustomCells.swift */; };
		5064E1AE2916B9A0002218DB /* TableData.swift in Sources */ = {isa = PBXBuildFile; fileRef = 5064E1AD2916B9A0002218DB /* TableData.swift */; };
		5064E1B02916BB27002218DB /* CustomCell.swift in Sources */ = {isa = PBXBuildFile; fileRef = 5064E1AF2916BB27002218DB /* CustomCell.swift */; };
/* End PBXBuildFile section */

/* Begin PBXFileReference section */
		5064E18E2916B40B002218DB /* TableViews.app */ = {isa = PBXFileReference; explicitFileType = wrapper.application; includeInIndex = 0; path = TableViews.app; sourceTree = BUILT_PRODUCTS_DIR; };
		5064E1912916B40B002218DB /* AppDelegate.swift */ = {isa = PBXFileReference; lastKnownFileType = sourcecode.swift; path = AppDelegate.swift; sourceTree = "<group>"; };
		5064E1932916B40B002218DB /* SceneDelegate.swift */ = {isa = PBXFileReference; lastKnownFileType = sourcecode.swift; path = SceneDelegate.swift; sourceTree = "<group>"; };
		5064E1952916B40B002218DB /* SimpleTableViewController.swift */ = {isa = PBXFileReference; lastKnownFileType = sourcecode.swift; path = SimpleTableViewController.swift; sourceTree = "<group>"; };
		5064E1982916B40B002218DB /* Base */ = {isa = PBXFileReference; lastKnownFileType = file.storyboard; name = Base; path = Base.lproj/Main.storyboard; sourceTree = "<group>"; };
		5064E19A2916B40C002218DB /* Assets.xcassets */ = {isa = PBXFileReference; lastKnownFileType = folder.assetcatalog; path = Assets.xcassets; sourceTree = "<group>"; };
		5064E19D2916B40C002218DB /* Base */ = {isa = PBXFileReference; lastKnownFileType = file.storyboard; name = Base; path = Base.lproj/LaunchScreen.storyboard; sourceTree = "<group>"; };
		5064E19F2916B40C002218DB /* Info.plist */ = {isa = PBXFileReference; lastKnownFileType = text.plist.xml; path = Info.plist; sourceTree = "<group>"; };
		5064E1AB2916B7D1002218DB /* TableWithCustomCells.swift */ = {isa = PBXFileReference; lastKnownFileType = sourcecode.swift; path = TableWithCustomCells.swift; sourceTree = "<group>"; };
		5064E1AD2916B9A0002218DB /* TableData.swift */ = {isa = PBXFileReference; lastKnownFileType = sourcecode.swift; path = TableData.swift; sourceTree = "<group>"; };
		5064E1AF2916BB27002218DB /* CustomCell.swift */ = {isa = PBXFileReference; lastKnownFileType = sourcecode.swift; path = CustomCell.swift; sourceTree = "<group>"; };
/* End PBXFileReference section */

/* Begin PBXFrameworksBuildPhase section */
		5064E18B2916B40B002218DB /* Frameworks */ = {
			isa = PBXFrameworksBuildPhase;
			buildActionMask = 2147483647;
			files = (
			);
			runOnlyForDeploymentPostprocessing = 0;
		};
/* End PBXFrameworksBuildPhase section */

/* Begin PBXGroup section */
		5064E1852916B40B002218DB = {
			isa = PBXGroup;
			children = (
				5064E1902916B40B002218DB /* TableViews */,
				5064E18F2916B40B002218DB /* Products */,
			);
			sourceTree = "<group>";
		};
		5064E18F2916B40B002218DB /* Products */ = {
			isa = PBXGroup;
			children = (
				5064E18E2916B40B002218DB /* TableViews.app */,
			);
			name = Products;
			sourceTree = "<group>";
		};
		5064E1902916B40B002218DB /* TableViews */ = {
			isa = PBXGroup;
			children = (
				5064E1A82916B42D002218DB /* Models */,
				5064E1A72916B429002218DB /* Views */,
				5064E1A52916B415002218DB /* Supporting Files */,
				5064E1A62916B423002218DB /* Controllers */,
				5064E1972916B40B002218DB /* Main.storyboard */,
				5064E19A2916B40C002218DB /* Assets.xcassets */,
				5064E19F2916B40C002218DB /* Info.plist */,
			);
			path = TableViews;
			sourceTree = "<group>";
		};
		5064E1A52916B415002218DB /* Supporting Files */ = {
			isa = PBXGroup;
			children = (
				5064E1912916B40B002218DB /* AppDelegate.swift */,
				5064E1932916B40B002218DB /* SceneDelegate.swift */,
				5064E19C2916B40C002218DB /* LaunchScreen.storyboard */,
			);
			path = "Supporting Files";
			sourceTree = "<group>";
		};
		5064E1A62916B423002218DB /* Controllers */ = {
			isa = PBXGroup;
			children = (
				5064E1952916B40B002218DB /* SimpleTableViewController.swift */,
				5064E1AB2916B7D1002218DB /* TableWithCustomCells.swift */,
			);
			path = Controllers;
			sourceTree = "<group>";
		};
		5064E1A72916B429002218DB /* Views */ = {
			isa = PBXGroup;
			children = (
				5064E1AF2916BB27002218DB /* CustomCell.swift */,
			);
			path = Views;
			sourceTree = "<group>";
		};
		5064E1A82916B42D002218DB /* Models */ = {
			isa = PBXGroup;
			children = (
				5064E1AD2916B9A0002218DB /* TableData.swift */,
			);
			path = Models;
			sourceTree = "<group>";
		};
/* End PBXGroup section */

/* Begin PBXNativeTarget section */
		5064E18D2916B40B002218DB /* TableViews */ = {
			isa = PBXNativeTarget;
			buildConfigurationList = 5064E1A22916B40C002218DB /* Build configuration list for PBXNativeTarget "TableViews" */;
			buildPhases = (
				5064E18A2916B40B002218DB /* Sources */,
				5064E18B2916B40B002218DB /* Frameworks */,
				5064E18C2916B40B002218DB /* Resources */,
			);
			buildRules = (
			);
			dependencies = (
			);
			name = TableViews;
			productName = TableViews;
			productReference = 5064E18E2916B40B002218DB /* TableViews.app */;
			productType = "com.apple.product-type.application";
		};
/* End PBXNativeTarget section */

/* Begin PBXProject section */
		5064E1862916B40B002218DB /* Project object */ = {
			isa = PBXProject;
			attributes = {
				BuildIndependentTargetsInParallel = 1;
				LastSwiftUpdateCheck = 1400;
				LastUpgradeCheck = 1400;
				TargetAttributes = {
					5064E18D2916B40B002218DB = {
						CreatedOnToolsVersion = 14.0.1;
					};
				};
			};
			buildConfigurationList = 5064E1892916B40B002218DB /* Build configuration list for PBXProject "TableViews" */;
			compatibilityVersion = "Xcode 14.0";
			developmentRegion = en;
			hasScannedForEncodings = 0;
			knownRegions = (
				en,
				Base,
			);
			mainGroup = 5064E1852916B40B002218DB;
			productRefGroup = 5064E18F2916B40B002218DB /* Products */;
			projectDirPath = "";
			projectRoot = "";
			targets = (
				5064E18D2916B40B002218DB /* TableViews */,
			);
		};
/* End PBXProject section */

/* Begin PBXResourcesBuildPhase section */
		5064E18C2916B40B002218DB /* Resources */ = {
			isa = PBXResourcesBuildPhase;
			buildActionMask = 2147483647;
			files = (
				5064E19E2916B40C002218DB /* LaunchScreen.storyboard in Resources */,
				5064E19B2916B40C002218DB /* Assets.xcassets in Resources */,
				5064E1992916B40B002218DB /* Main.storyboard in Resources */,
			);
			runOnlyForDeploymentPostprocessing = 0;
		};
/* End PBXResourcesBuildPhase section */

/* Begin PBXSourcesBuildPhase section */
		5064E18A2916B40B002218DB /* Sources */ = {
			isa = PBXSourcesBuildPhase;
			buildActionMask = 2147483647;
			files = (
				5064E1962916B40B002218DB /* SimpleTableViewController.swift in Sources */,
				5064E1922916B40B002218DB /* AppDelegate.swift in Sources */,
				5064E1942916B40B002218DB /* SceneDelegate.swift in Sources */,
				5064E1AC2916B7D1002218DB /* TableWithCustomCells.swift in Sources */,
				5064E1B02916BB27002218DB /* CustomCell.swift in Sources */,
				5064E1AE2916B9A0002218DB /* TableData.swift in Sources */,
			);
			runOnlyForDeploymentPostprocessing = 0;
		};
/* End PBXSourcesBuildPhase section */

/* Begin PBXVariantGroup section */
		5064E1972916B40B002218DB /* Main.storyboard */ = {
			isa = PBXVariantGroup;
			children = (
				5064E1982916B40B002218DB /* Base */,
			);
			name = Main.storyboard;
			sourceTree = "<group>";
		};
		5064E19C2916B40C002218DB /* LaunchScreen.storyboard */ = {
			isa = PBXVariantGroup;
			children = (
				5064E19D2916B40C002218DB /* Base */,
			);
			name = LaunchScreen.storyboard;
			sourceTree = "<group>";
		};
/* End PBXVariantGroup section */

/* Begin XCBuildConfiguration section */
		5064E1A02916B40C002218DB /* Debug */ = {
			isa = XCBuildConfiguration;
			buildSettings = {
				ALWAYS_SEARCH_USER_PATHS = NO;
				CLANG_ANALYZER_NONNULL = YES;
				CLANG_ANALYZER_NUMBER_OBJECT_CONVERSION = YES_AGGRESSIVE;
				CLANG_CXX_LANGUAGE_STANDARD = "gnu++20";
				CLANG_ENABLE_MODULES = YES;
				CLANG_ENABLE_OBJC_ARC = YES;
				CLANG_ENABLE_OBJC_WEAK = YES;
				CLANG_WARN_BLOCK_CAPTURE_AUTORELEASING = YES;
				CLANG_WARN_BOOL_CONVERSION = YES;
				CLANG_WARN_COMMA = YES;
				CLANG_WARN_CONSTANT_CONVERSION = YES;
				CLANG_WARN_DEPRECATED_OBJC_IMPLEMENTATIONS = YES;
				CLANG_WARN_DIRECT_OBJC_ISA_USAGE = YES_ERROR;
				CLANG_WARN_DOCUMENTATION_COMMENTS = YES;
				CLANG_WARN_EMPTY_BODY = YES;
				CLANG_WARN_ENUM_CONVERSION = YES;
				CLANG_WARN_INFINITE_RECURSION = YES;
				CLANG_WARN_INT_CONVERSION = YES;
				CLANG_WARN_NON_LITERAL_NULL_CONVERSION = YES;
				CLANG_WARN_OBJC_IMPLICIT_RETAIN_SELF = YES;
				CLANG_WARN_OBJC_LITERAL_CONVERSION = YES;
				CLANG_WARN_OBJC_ROOT_CLASS = YES_ERROR;
				CLANG_WARN_QUOTED_INCLUDE_IN_FRAMEWORK_HEADER = YES;
				CLANG_WARN_RANGE_LOOP_ANALYSIS = YES;
				CLANG_WARN_STRICT_PROTOTYPES = YES;
				CLANG_WARN_SUSPICIOUS_MOVE = YES;
				CLANG_WARN_UNGUARDED_AVAILABILITY = YES_AGGRESSIVE;
				CLANG_WARN_UNREACHABLE_CODE = YES;
				CLANG_WARN__DUPLICATE_METHOD_MATCH = YES;
				COPY_PHASE_STRIP = NO;
				DEBUG_INFORMATION_FORMAT = dwarf;
				ENABLE_STRICT_OBJC_MSGSEND = YES;
				ENABLE_TESTABILITY = YES;
				GCC_C_LANGUAGE_STANDARD = gnu11;
				GCC_DYNAMIC_NO_PIC = NO;
				GCC_NO_COMMON_BLOCKS = YES;
				GCC_OPTIMIZATION_LEVEL = 0;
				GCC_PREPROCESSOR_DEFINITIONS = (
					"DEBUG=1",
					"$(inherited)",
				);
				GCC_WARN_64_TO_32_BIT_CONVERSION = YES;
				GCC_WARN_ABOUT_RETURN_TYPE = YES_ERROR;
				GCC_WARN_UNDECLARED_SELECTOR = YES;
				GCC_WARN_UNINITIALIZED_AUTOS = YES_AGGRESSIVE;
				GCC_WARN_UNUSED_FUNCTION = YES;
				GCC_WARN_UNUSED_VARIABLE = YES;
				IPHONEOS_DEPLOYMENT_TARGET = 16.0;
				MTL_ENABLE_DEBUG_INFO = INCLUDE_SOURCE;
				MTL_FAST_MATH = YES;
				ONLY_ACTIVE_ARCH = YES;
				SDKROOT = iphoneos;
				SWIFT_ACTIVE_COMPILATION_CONDITIONS = DEBUG;
				SWIFT_OPTIMIZATION_LEVEL = "-Onone";
			};
			name = Debug;
		};
		5064E1A12916B40C002218DB /* Release */ = {
			isa = XCBuildConfiguration;
			buildSettings = {
				ALWAYS_SEARCH_USER_PATHS = NO;
				CLANG_ANALYZER_NONNULL = YES;
				CLANG_ANALYZER_NUMBER_OBJECT_CONVERSION = YES_AGGRESSIVE;
				CLANG_CXX_LANGUAGE_STANDARD = "gnu++20";
				CLANG_ENABLE_MODULES = YES;
				CLANG_ENABLE_OBJC_ARC = YES;
				CLANG_ENABLE_OBJC_WEAK = YES;
				CLANG_WARN_BLOCK_CAPTURE_AUTORELEASING = YES;
				CLANG_WARN_BOOL_CONVERSION = YES;
				CLANG_WARN_COMMA = YES;
				CLANG_WARN_CONSTANT_CONVERSION = YES;
				CLANG_WARN_DEPRECATED_OBJC_IMPLEMENTATIONS = YES;
				CLANG_WARN_DIRECT_OBJC_ISA_USAGE = YES_ERROR;
				CLANG_WARN_DOCUMENTATION_COMMENTS = YES;
				CLANG_WARN_EMPTY_BODY = YES;
				CLANG_WARN_ENUM_CONVERSION = YES;
				CLANG_WARN_INFINITE_RECURSION = YES;
				CLANG_WARN_INT_CONVERSION = YES;
				CLANG_WARN_NON_LITERAL_NULL_CONVERSION = YES;
				CLANG_WARN_OBJC_IMPLICIT_RETAIN_SELF = YES;
				CLANG_WARN_OBJC_LITERAL_CONVERSION = YES;
				CLANG_WARN_OBJC_ROOT_CLASS = YES_ERROR;
				CLANG_WARN_QUOTED_INCLUDE_IN_FRAMEWORK_HEADER = YES;
				CLANG_WARN_RANGE_LOOP_ANALYSIS = YES;
				CLANG_WARN_STRICT_PROTOTYPES = YES;
				CLANG_WARN_SUSPICIOUS_MOVE = YES;
				CLANG_WARN_UNGUARDED_AVAILABILITY = YES_AGGRESSIVE;
				CLANG_WARN_UNREACHABLE_CODE = YES;
				CLANG_WARN__DUPLICATE_METHOD_MATCH = YES;
				COPY_PHASE_STRIP = NO;
				DEBUG_INFORMATION_FORMAT = "dwarf-with-dsym";
				ENABLE_NS_ASSERTIONS = NO;
				ENABLE_STRICT_OBJC_MSGSEND = YES;
				GCC_C_LANGUAGE_STANDARD = gnu11;
				GCC_NO_COMMON_BLOCKS = YES;
				GCC_WARN_64_TO_32_BIT_CONVERSION = YES;
				GCC_WARN_ABOUT_RETURN_TYPE = YES_ERROR;
				GCC_WARN_UNDECLARED_SELECTOR = YES;
				GCC_WARN_UNINITIALIZED_AUTOS = YES_AGGRESSIVE;
				GCC_WARN_UNUSED_FUNCTION = YES;
				GCC_WARN_UNUSED_VARIABLE = YES;
				IPHONEOS_DEPLOYMENT_TARGET = 16.0;
				MTL_ENABLE_DEBUG_INFO = NO;
				MTL_FAST_MATH = YES;
				SDKROOT = iphoneos;
				SWIFT_COMPILATION_MODE = wholemodule;
				SWIFT_OPTIMIZATION_LEVEL = "-O";
				VALIDATE_PRODUCT = YES;
			};
			name = Release;
		};
		5064E1A32916B40C002218DB /* Debug */ = {
			isa = XCBuildConfiguration;
			buildSettings = {
				ASSETCATALOG_COMPILER_APPICON_NAME = AppIcon;
				ASSETCATALOG_COMPILER_GLOBAL_ACCENT_COLOR_NAME = AccentColor;
				CODE_SIGN_STYLE = Automatic;
				CURRENT_PROJECT_VERSION = 1;
				DEVELOPMENT_TEAM = WU69N4C677;
				GENERATE_INFOPLIST_FILE = YES;
				INFOPLIST_FILE = TableViews/Info.plist;
				INFOPLIST_KEY_UIApplicationSupportsIndirectInputEvents = YES;
				INFOPLIST_KEY_UILaunchStoryboardName = LaunchScreen;
				INFOPLIST_KEY_UIMainStoryboardFile = Main;
				INFOPLIST_KEY_UISupportedInterfaceOrientations_iPad = "UIInterfaceOrientationPortrait UIInterfaceOrientationPortraitUpsideDown UIInterfaceOrientationLandscapeLeft UIInterfaceOrientationLandscapeRight";
				INFOPLIST_KEY_UISupportedInterfaceOrientations_iPhone = "UIInterfaceOrientationPortrait UIInterfaceOrientationLandscapeLeft UIInterfaceOrientationLandscapeRight";
				LD_RUNPATH_SEARCH_PATHS = (
					"$(inherited)",
					"@executable_path/Frameworks",
				);
				MARKETING_VERSION = 1.0;
				PRODUCT_BUNDLE_IDENTIFIER = com.sangesherpa.TableViews.TableViews;
				PRODUCT_NAME = "$(TARGET_NAME)";
				SWIFT_EMIT_LOC_STRINGS = YES;
				SWIFT_VERSION = 5.0;
				TARGETED_DEVICE_FAMILY = "1,2";
			};
			name = Debug;
		};
		5064E1A42916B40C002218DB /* Release */ = {
			isa = XCBuildConfiguration;
			buildSettings = {
				ASSETCATALOG_COMPILER_APPICON_NAME = AppIcon;
				ASSETCATALOG_COMPILER_GLOBAL_ACCENT_COLOR_NAME = AccentColor;
				CODE_SIGN_STYLE = Automatic;
				CURRENT_PROJECT_VERSION = 1;
				DEVELOPMENT_TEAM = WU69N4C677;
				GENERATE_INFOPLIST_FILE = YES;
				INFOPLIST_FILE = TableViews/Info.plist;
				INFOPLIST_KEY_UIApplicationSupportsIndirectInputEvents = YES;
				INFOPLIST_KEY_UILaunchStoryboardName = LaunchScreen;
				INFOPLIST_KEY_UIMainStoryboardFile = Main;
				INFOPLIST_KEY_UISupportedInterfaceOrientations_iPad = "UIInterfaceOrientationPortrait UIInterfaceOrientationPortraitUpsideDown UIInterfaceOrientationLandscapeLeft UIInterfaceOrientationLandscapeRight";
				INFOPLIST_KEY_UISupportedInterfaceOrientations_iPhone = "UIInterfaceOrientationPortrait UIInterfaceOrientationLandscapeLeft UIInterfaceOrientationLandscapeRight";
				LD_RUNPATH_SEARCH_PATHS = (
					"$(inherited)",
					"@executable_path/Frameworks",
				);
				MARKETING_VERSION = 1.0;
				PRODUCT_BUNDLE_IDENTIFIER = com.sangesherpa.TableViews.TableViews;
				PRODUCT_NAME = "$(TARGET_NAME)";
				SWIFT_EMIT_LOC_STRINGS = YES;
				SWIFT_VERSION = 5.0;
				TARGETED_DEVICE_FAMILY = "1,2";
			};
			name = Release;
		};
/* End XCBuildConfiguration section */

/* Begin XCConfigurationList section */
		5064E1892916B40B002218DB /* Build configuration list for PBXProject "TableViews" */ = {
			isa = XCConfigurationList;
			buildConfigurations = (
				5064E1A02916B40C002218DB /* Debug */,
				5064E1A12916B40C002218DB /* Release */,
			);
			defaultConfigurationIsVisible = 0;
			defaultConfigurationName = Release;
		};
		5064E1A22916B40C002218DB /* Build configuration list for PBXNativeTarget "TableViews" */ = {
			isa = XCConfigurationList;
			buildConfigurations = (
				5064E1A32916B40C002218DB /* Debug */,
				5064E1A42916B40C002218DB /* Release */,
			);
			defaultConfigurationIsVisible = 0;
			defaultConfigurationName = Release;
		};
/* End XCConfigurationList section */
	};
	rootObject = 5064E1862916B40B002218DB /* Project object */;
}
